// !$*UTF8*$!
{
	archiveVersion = 1;
	classes = {
	};
	objectVersion = 56;
	objects = {

/* Begin PBXBuildFile section */
		8058D52529799E65001D43AF /* UberSwiftAppApp.swift in Sources */ = {isa = PBXBuildFile; fileRef = 8058D52429799E65001D43AF /* UberSwiftAppApp.swift */; };
		8058D52929799E66001D43AF /* Assets.xcassets in Resources */ = {isa = PBXBuildFile; fileRef = 8058D52829799E66001D43AF /* Assets.xcassets */; };
		8058D52C29799E66001D43AF /* Preview Assets.xcassets in Resources */ = {isa = PBXBuildFile; fileRef = 8058D52B29799E66001D43AF /* Preview Assets.xcassets */; };
		8058D53A29799EF3001D43AF /* HomeView.swift in Sources */ = {isa = PBXBuildFile; fileRef = 8058D53929799EF3001D43AF /* HomeView.swift */; };
		8058D53C29799F64001D43AF /* UberMapViewRepresentable.swift in Sources */ = {isa = PBXBuildFile; fileRef = 8058D53B29799F64001D43AF /* UberMapViewRepresentable.swift */; };
		8058D53E2979A17F001D43AF /* LocationManager.swift in Sources */ = {isa = PBXBuildFile; fileRef = 8058D53D2979A17F001D43AF /* LocationManager.swift */; };
		8058D5442979BAAA001D43AF /* LocationSearchActivationView.swift in Sources */ = {isa = PBXBuildFile; fileRef = 8058D5432979BAAA001D43AF /* LocationSearchActivationView.swift */; };
		8058D5462979BCAB001D43AF /* MapViewActionButton.swift in Sources */ = {isa = PBXBuildFile; fileRef = 8058D5452979BCAB001D43AF /* MapViewActionButton.swift */; };
		8058D5482979BE0C001D43AF /* LocationSearchView.swift in Sources */ = {isa = PBXBuildFile; fileRef = 8058D5472979BE0C001D43AF /* LocationSearchView.swift */; };
		8058D54C297B2429001D43AF /* LocationSearchResultCell.swift in Sources */ = {isa = PBXBuildFile; fileRef = 8058D54B297B2429001D43AF /* LocationSearchResultCell.swift */; };
		808CD434297D955A00C69209 /* LocationSearchViewModel.swift in Sources */ = {isa = PBXBuildFile; fileRef = 808CD433297D955A00C69209 /* LocationSearchViewModel.swift */; };
/* End PBXBuildFile section */

/* Begin PBXFileReference section */
		8058D52129799E65001D43AF /* UberSwiftApp.app */ = {isa = PBXFileReference; explicitFileType = wrapper.application; includeInIndex = 0; path = UberSwiftApp.app; sourceTree = BUILT_PRODUCTS_DIR; };
		8058D52429799E65001D43AF /* UberSwiftAppApp.swift */ = {isa = PBXFileReference; lastKnownFileType = sourcecode.swift; path = UberSwiftAppApp.swift; sourceTree = "<group>"; };
		8058D52829799E66001D43AF /* Assets.xcassets */ = {isa = PBXFileReference; lastKnownFileType = folder.assetcatalog; path = Assets.xcassets; sourceTree = "<group>"; };
		8058D52B29799E66001D43AF /* Preview Assets.xcassets */ = {isa = PBXFileReference; lastKnownFileType = folder.assetcatalog; path = "Preview Assets.xcassets"; sourceTree = "<group>"; };
		8058D53929799EF3001D43AF /* HomeView.swift */ = {isa = PBXFileReference; lastKnownFileType = sourcecode.swift; path = HomeView.swift; sourceTree = "<group>"; };
		8058D53B29799F64001D43AF /* UberMapViewRepresentable.swift */ = {isa = PBXFileReference; lastKnownFileType = sourcecode.swift; path = UberMapViewRepresentable.swift; sourceTree = "<group>"; };
		8058D53D2979A17F001D43AF /* LocationManager.swift */ = {isa = PBXFileReference; lastKnownFileType = sourcecode.swift; path = LocationManager.swift; sourceTree = "<group>"; };
		8058D5432979BAAA001D43AF /* LocationSearchActivationView.swift */ = {isa = PBXFileReference; lastKnownFileType = sourcecode.swift; path = LocationSearchActivationView.swift; sourceTree = "<group>"; };
		8058D5452979BCAB001D43AF /* MapViewActionButton.swift */ = {isa = PBXFileReference; lastKnownFileType = sourcecode.swift; path = MapViewActionButton.swift; sourceTree = "<group>"; };
		8058D5472979BE0C001D43AF /* LocationSearchView.swift */ = {isa = PBXFileReference; lastKnownFileType = sourcecode.swift; path = LocationSearchView.swift; sourceTree = "<group>"; };
		8058D54B297B2429001D43AF /* LocationSearchResultCell.swift */ = {isa = PBXFileReference; lastKnownFileType = sourcecode.swift; path = LocationSearchResultCell.swift; sourceTree = "<group>"; };
		808CD433297D955A00C69209 /* LocationSearchViewModel.swift */ = {isa = PBXFileReference; lastKnownFileType = sourcecode.swift; path = LocationSearchViewModel.swift; sourceTree = "<group>"; };
/* End PBXFileReference section */

/* Begin PBXFrameworksBuildPhase section */
		8058D51E29799E65001D43AF /* Frameworks */ = {
			isa = PBXFrameworksBuildPhase;
			buildActionMask = 2147483647;
			files = (
			);
			runOnlyForDeploymentPostprocessing = 0;
		};
/* End PBXFrameworksBuildPhase section */

/* Begin PBXGroup section */
		8058D51829799E65001D43AF = {
			isa = PBXGroup;
			children = (
				8058D52329799E65001D43AF /* UberSwiftApp */,
				8058D52229799E65001D43AF /* Products */,
			);
			sourceTree = "<group>";
		};
		8058D52229799E65001D43AF /* Products */ = {
			isa = PBXGroup;
			children = (
				8058D52129799E65001D43AF /* UberSwiftApp.app */,
			);
			name = Products;
			sourceTree = "<group>";
		};
		8058D52329799E65001D43AF /* UberSwiftApp */ = {
			isa = PBXGroup;
			children = (
				8058D53629799EA2001D43AF /* App */,
				8058D53529799EA0001D43AF /* Core */,
				8058D53429799E9D001D43AF /* Extensions */,
				8058D53329799E9A001D43AF /* Managers */,
				8058D53229799E97001D43AF /* Models */,
				8058D52829799E66001D43AF /* Assets.xcassets */,
				8058D52A29799E66001D43AF /* Preview Content */,
			);
			path = UberSwiftApp;
			sourceTree = "<group>";
		};
		8058D52A29799E66001D43AF /* Preview Content */ = {
			isa = PBXGroup;
			children = (
				8058D52B29799E66001D43AF /* Preview Assets.xcassets */,
			);
			path = "Preview Content";
			sourceTree = "<group>";
		};
		8058D53229799E97001D43AF /* Models */ = {
			isa = PBXGroup;
			children = (
			);
			path = Models;
			sourceTree = "<group>";
		};
		8058D53329799E9A001D43AF /* Managers */ = {
			isa = PBXGroup;
			children = (
				8058D53D2979A17F001D43AF /* LocationManager.swift */,
			);
			path = Managers;
			sourceTree = "<group>";
		};
		8058D53429799E9D001D43AF /* Extensions */ = {
			isa = PBXGroup;
			children = (
			);
			path = Extensions;
			sourceTree = "<group>";
		};
		8058D53529799EA0001D43AF /* Core */ = {
			isa = PBXGroup;
			children = (
				8058D5402979BA61001D43AF /* LocationSearch */,
				8058D53F2979BA3D001D43AF /* Home */,
			);
			path = Core;
			sourceTree = "<group>";
		};
		8058D53629799EA2001D43AF /* App */ = {
			isa = PBXGroup;
			children = (
				8058D52429799E65001D43AF /* UberSwiftAppApp.swift */,
			);
			path = App;
			sourceTree = "<group>";
		};
		8058D53729799EDC001D43AF /* ViewModels */ = {
			isa = PBXGroup;
			children = (
			);
			path = ViewModels;
			sourceTree = "<group>";
		};
		8058D53829799EE5001D43AF /* Views */ = {
			isa = PBXGroup;
			children = (
				8058D53929799EF3001D43AF /* HomeView.swift */,
				8058D53B29799F64001D43AF /* UberMapViewRepresentable.swift */,
				8058D5452979BCAB001D43AF /* MapViewActionButton.swift */,
			);
			path = Views;
			sourceTree = "<group>";
		};
		8058D53F2979BA3D001D43AF /* Home */ = {
			isa = PBXGroup;
			children = (
				8058D53729799EDC001D43AF /* ViewModels */,
				8058D53829799EE5001D43AF /* Views */,
			);
			path = Home;
			sourceTree = "<group>";
		};
		8058D5402979BA61001D43AF /* LocationSearch */ = {
			isa = PBXGroup;
			children = (
				8058D5422979BA80001D43AF /* ViewModels */,
				8058D5412979BA79001D43AF /* Views */,
			);
			path = LocationSearch;
			sourceTree = "<group>";
		};
		8058D5412979BA79001D43AF /* Views */ = {
			isa = PBXGroup;
			children = (
				8058D5432979BAAA001D43AF /* LocationSearchActivationView.swift */,
				8058D5472979BE0C001D43AF /* LocationSearchView.swift */,
				8058D54B297B2429001D43AF /* LocationSearchResultCell.swift */,
			);
			path = Views;
			sourceTree = "<group>";
		};
		8058D5422979BA80001D43AF /* ViewModels */ = {
			isa = PBXGroup;
			children = (
				808CD433297D955A00C69209 /* LocationSearchViewModel.swift */,
			);
			path = ViewModels;
			sourceTree = "<group>";
		};
/* End PBXGroup section */

/* Begin PBXNativeTarget section */
		8058D52029799E65001D43AF /* UberSwiftApp */ = {
			isa = PBXNativeTarget;
			buildConfigurationList = 8058D52F29799E66001D43AF /* Build configuration list for PBXNativeTarget "UberSwiftApp" */;
			buildPhases = (
				8058D51D29799E65001D43AF /* Sources */,
				8058D51E29799E65001D43AF /* Frameworks */,
				8058D51F29799E65001D43AF /* Resources */,
			);
			buildRules = (
			);
			dependencies = (
			);
			name = UberSwiftApp;
			productName = UberSwiftApp;
			productReference = 8058D52129799E65001D43AF /* UberSwiftApp.app */;
			productType = "com.apple.product-type.application";
		};
/* End PBXNativeTarget section */

/* Begin PBXProject section */
		8058D51929799E65001D43AF /* Project object */ = {
			isa = PBXProject;
			attributes = {
				BuildIndependentTargetsInParallel = 1;
				LastSwiftUpdateCheck = 1420;
				LastUpgradeCheck = 1420;
				TargetAttributes = {
					8058D52029799E65001D43AF = {
						CreatedOnToolsVersion = 14.2;
					};
				};
			};
			buildConfigurationList = 8058D51C29799E65001D43AF /* Build configuration list for PBXProject "UberSwiftApp" */;
			compatibilityVersion = "Xcode 14.0";
			developmentRegion = en;
			hasScannedForEncodings = 0;
			knownRegions = (
				en,
				Base,
			);
			mainGroup = 8058D51829799E65001D43AF;
			productRefGroup = 8058D52229799E65001D43AF /* Products */;
			projectDirPath = "";
			projectRoot = "";
			targets = (
				8058D52029799E65001D43AF /* UberSwiftApp */,
			);
		};
/* End PBXProject section */

/* Begin PBXResourcesBuildPhase section */
		8058D51F29799E65001D43AF /* Resources */ = {
			isa = PBXResourcesBuildPhase;
			buildActionMask = 2147483647;
			files = (
				8058D52C29799E66001D43AF /* Preview Assets.xcassets in Resources */,
				8058D52929799E66001D43AF /* Assets.xcassets in Resources */,
			);
			runOnlyForDeploymentPostprocessing = 0;
		};
/* End PBXResourcesBuildPhase section */

/* Begin PBXSourcesBuildPhase section */
		8058D51D29799E65001D43AF /* Sources */ = {
			isa = PBXSourcesBuildPhase;
			buildActionMask = 2147483647;
			files = (
				808CD434297D955A00C69209 /* LocationSearchViewModel.swift in Sources */,
				8058D5482979BE0C001D43AF /* LocationSearchView.swift in Sources */,
				8058D53E2979A17F001D43AF /* LocationManager.swift in Sources */,
				8058D5462979BCAB001D43AF /* MapViewActionButton.swift in Sources */,
				8058D53C29799F64001D43AF /* UberMapViewRepresentable.swift in Sources */,
				8058D52529799E65001D43AF /* UberSwiftAppApp.swift in Sources */,
				8058D53A29799EF3001D43AF /* HomeView.swift in Sources */,
				8058D5442979BAAA001D43AF /* LocationSearchActivationView.swift in Sources */,
				8058D54C297B2429001D43AF /* LocationSearchResultCell.swift in Sources */,
			);
			runOnlyForDeploymentPostprocessing = 0;
		};
/* End PBXSourcesBuildPhase section */

/* Begin XCBuildConfiguration section */
		8058D52D29799E66001D43AF /* Debug */ = {
			isa = XCBuildConfiguration;
			buildSettings = {
				ALWAYS_SEARCH_USER_PATHS = NO;
				CLANG_ANALYZER_NONNULL = YES;
				CLANG_ANALYZER_NUMBER_OBJECT_CONVERSION = YES_AGGRESSIVE;
				CLANG_CXX_LANGUAGE_STANDARD = "gnu++20";
				CLANG_ENABLE_MODULES = YES;
				CLANG_ENABLE_OBJC_ARC = YES;
				CLANG_ENABLE_OBJC_WEAK = YES;
				CLANG_WARN_BLOCK_CAPTURE_AUTORELEASING = YES;
				CLANG_WARN_BOOL_CONVERSION = YES;
				CLANG_WARN_COMMA = YES;
				CLANG_WARN_CONSTANT_CONVERSION = YES;
				CLANG_WARN_DEPRECATED_OBJC_IMPLEMENTATIONS = YES;
				CLANG_WARN_DIRECT_OBJC_ISA_USAGE = YES_ERROR;
				CLANG_WARN_DOCUMENTATION_COMMENTS = YES;
				CLANG_WARN_EMPTY_BODY = YES;
				CLANG_WARN_ENUM_CONVERSION = YES;
				CLANG_WARN_INFINITE_RECURSION = YES;
				CLANG_WARN_INT_CONVERSION = YES;
				CLANG_WARN_NON_LITERAL_NULL_CONVERSION = YES;
				CLANG_WARN_OBJC_IMPLICIT_RETAIN_SELF = YES;
				CLANG_WARN_OBJC_LITERAL_CONVERSION = YES;
				CLANG_WARN_OBJC_ROOT_CLASS = YES_ERROR;
				CLANG_WARN_QUOTED_INCLUDE_IN_FRAMEWORK_HEADER = YES;
				CLANG_WARN_RANGE_LOOP_ANALYSIS = YES;
				CLANG_WARN_STRICT_PROTOTYPES = YES;
				CLANG_WARN_SUSPICIOUS_MOVE = YES;
				CLANG_WARN_UNGUARDED_AVAILABILITY = YES_AGGRESSIVE;
				CLANG_WARN_UNREACHABLE_CODE = YES;
				CLANG_WARN__DUPLICATE_METHOD_MATCH = YES;
				COPY_PHASE_STRIP = NO;
				DEBUG_INFORMATION_FORMAT = dwarf;
				ENABLE_STRICT_OBJC_MSGSEND = YES;
				ENABLE_TESTABILITY = YES;
				GCC_C_LANGUAGE_STANDARD = gnu11;
				GCC_DYNAMIC_NO_PIC = NO;
				GCC_NO_COMMON_BLOCKS = YES;
				GCC_OPTIMIZATION_LEVEL = 0;
				GCC_PREPROCESSOR_DEFINITIONS = (
					"DEBUG=1",
					"$(inherited)",
				);
				GCC_WARN_64_TO_32_BIT_CONVERSION = YES;
				GCC_WARN_ABOUT_RETURN_TYPE = YES_ERROR;
				GCC_WARN_UNDECLARED_SELECTOR = YES;
				GCC_WARN_UNINITIALIZED_AUTOS = YES_AGGRESSIVE;
				GCC_WARN_UNUSED_FUNCTION = YES;
				GCC_WARN_UNUSED_VARIABLE = YES;
				IPHONEOS_DEPLOYMENT_TARGET = 16.2;
				MTL_ENABLE_DEBUG_INFO = INCLUDE_SOURCE;
				MTL_FAST_MATH = YES;
				ONLY_ACTIVE_ARCH = YES;
				SDKROOT = iphoneos;
				SWIFT_ACTIVE_COMPILATION_CONDITIONS = DEBUG;
				SWIFT_OPTIMIZATION_LEVEL = "-Onone";
			};
			name = Debug;
		};
		8058D52E29799E66001D43AF /* Release */ = {
			isa = XCBuildConfiguration;
			buildSettings = {
				ALWAYS_SEARCH_USER_PATHS = NO;
				CLANG_ANALYZER_NONNULL = YES;
				CLANG_ANALYZER_NUMBER_OBJECT_CONVERSION = YES_AGGRESSIVE;
				CLANG_CXX_LANGUAGE_STANDARD = "gnu++20";
				CLANG_ENABLE_MODULES = YES;
				CLANG_ENABLE_OBJC_ARC = YES;
				CLANG_ENABLE_OBJC_WEAK = YES;
				CLANG_WARN_BLOCK_CAPTURE_AUTORELEASING = YES;
				CLANG_WARN_BOOL_CONVERSION = YES;
				CLANG_WARN_COMMA = YES;
				CLANG_WARN_CONSTANT_CONVERSION = YES;
				CLANG_WARN_DEPRECATED_OBJC_IMPLEMENTATIONS = YES;
				CLANG_WARN_DIRECT_OBJC_ISA_USAGE = YES_ERROR;
				CLANG_WARN_DOCUMENTATION_COMMENTS = YES;
				CLANG_WARN_EMPTY_BODY = YES;
				CLANG_WARN_ENUM_CONVERSION = YES;
				CLANG_WARN_INFINITE_RECURSION = YES;
				CLANG_WARN_INT_CONVERSION = YES;
				CLANG_WARN_NON_LITERAL_NULL_CONVERSION = YES;
				CLANG_WARN_OBJC_IMPLICIT_RETAIN_SELF = YES;
				CLANG_WARN_OBJC_LITERAL_CONVERSION = YES;
				CLANG_WARN_OBJC_ROOT_CLASS = YES_ERROR;
				CLANG_WARN_QUOTED_INCLUDE_IN_FRAMEWORK_HEADER = YES;
				CLANG_WARN_RANGE_LOOP_ANALYSIS = YES;
				CLANG_WARN_STRICT_PROTOTYPES = YES;
				CLANG_WARN_SUSPICIOUS_MOVE = YES;
				CLANG_WARN_UNGUARDED_AVAILABILITY = YES_AGGRESSIVE;
				CLANG_WARN_UNREACHABLE_CODE = YES;
				CLANG_WARN__DUPLICATE_METHOD_MATCH = YES;
				COPY_PHASE_STRIP = NO;
				DEBUG_INFORMATION_FORMAT = "dwarf-with-dsym";
				ENABLE_NS_ASSERTIONS = NO;
				ENABLE_STRICT_OBJC_MSGSEND = YES;
				GCC_C_LANGUAGE_STANDARD = gnu11;
				GCC_NO_COMMON_BLOCKS = YES;
				GCC_WARN_64_TO_32_BIT_CONVERSION = YES;
				GCC_WARN_ABOUT_RETURN_TYPE = YES_ERROR;
				GCC_WARN_UNDECLARED_SELECTOR = YES;
				GCC_WARN_UNINITIALIZED_AUTOS = YES_AGGRESSIVE;
				GCC_WARN_UNUSED_FUNCTION = YES;
				GCC_WARN_UNUSED_VARIABLE = YES;
				IPHONEOS_DEPLOYMENT_TARGET = 16.2;
				MTL_ENABLE_DEBUG_INFO = NO;
				MTL_FAST_MATH = YES;
				SDKROOT = iphoneos;
				SWIFT_COMPILATION_MODE = wholemodule;
				SWIFT_OPTIMIZATION_LEVEL = "-O";
				VALIDATE_PRODUCT = YES;
			};
			name = Release;
		};
		8058D53029799E66001D43AF /* Debug */ = {
			isa = XCBuildConfiguration;
			buildSettings = {
				ASSETCATALOG_COMPILER_APPICON_NAME = AppIcon;
				ASSETCATALOG_COMPILER_GLOBAL_ACCENT_COLOR_NAME = AccentColor;
				CODE_SIGN_STYLE = Automatic;
				CURRENT_PROJECT_VERSION = 1;
				DEVELOPMENT_ASSET_PATHS = "\"UberSwiftApp/Preview Content\"";
				ENABLE_PREVIEWS = YES;
				GENERATE_INFOPLIST_FILE = YES;
				INFOPLIST_KEY_NSLocationWhenInUseUsageDescription = "Please let us use your location";
				INFOPLIST_KEY_UIApplicationSceneManifest_Generation = YES;
				INFOPLIST_KEY_UIApplicationSupportsIndirectInputEvents = YES;
				INFOPLIST_KEY_UILaunchScreen_Generation = YES;
				INFOPLIST_KEY_UISupportedInterfaceOrientations_iPad = "UIInterfaceOrientationPortrait UIInterfaceOrientationPortraitUpsideDown UIInterfaceOrientationLandscapeLeft UIInterfaceOrientationLandscapeRight";
				INFOPLIST_KEY_UISupportedInterfaceOrientations_iPhone = "UIInterfaceOrientationPortrait UIInterfaceOrientationLandscapeLeft UIInterfaceOrientationLandscapeRight";
				LD_RUNPATH_SEARCH_PATHS = (
					"$(inherited)",
					"@executable_path/Frameworks",
				);
				MARKETING_VERSION = 1.0;
				PRODUCT_BUNDLE_IDENTIFIER = niko.UberSwiftApp;
				PRODUCT_NAME = "$(TARGET_NAME)";
				SWIFT_EMIT_LOC_STRINGS = YES;
				SWIFT_VERSION = 5.0;
				TARGETED_DEVICE_FAMILY = "1,2";
			};
			name = Debug;
		};
		8058D53129799E66001D43AF /* Release */ = {
			isa = XCBuildConfiguration;
			buildSettings = {
				ASSETCATALOG_COMPILER_APPICON_NAME = AppIcon;
				ASSETCATALOG_COMPILER_GLOBAL_ACCENT_COLOR_NAME = AccentColor;
				CODE_SIGN_STYLE = Automatic;
				CURRENT_PROJECT_VERSION = 1;
				DEVELOPMENT_ASSET_PATHS = "\"UberSwiftApp/Preview Content\"";
				ENABLE_PREVIEWS = YES;
				GENERATE_INFOPLIST_FILE = YES;
				INFOPLIST_KEY_NSLocationWhenInUseUsageDescription = "Please let us use your location";
				INFOPLIST_KEY_UIApplicationSceneManifest_Generation = YES;
				INFOPLIST_KEY_UIApplicationSupportsIndirectInputEvents = YES;
				INFOPLIST_KEY_UILaunchScreen_Generation = YES;
				INFOPLIST_KEY_UISupportedInterfaceOrientations_iPad = "UIInterfaceOrientationPortrait UIInterfaceOrientationPortraitUpsideDown UIInterfaceOrientationLandscapeLeft UIInterfaceOrientationLandscapeRight";
				INFOPLIST_KEY_UISupportedInterfaceOrientations_iPhone = "UIInterfaceOrientationPortrait UIInterfaceOrientationLandscapeLeft UIInterfaceOrientationLandscapeRight";
				LD_RUNPATH_SEARCH_PATHS = (
					"$(inherited)",
					"@executable_path/Frameworks",
				);
				MARKETING_VERSION = 1.0;
				PRODUCT_BUNDLE_IDENTIFIER = niko.UberSwiftApp;
				PRODUCT_NAME = "$(TARGET_NAME)";
				SWIFT_EMIT_LOC_STRINGS = YES;
				SWIFT_VERSION = 5.0;
				TARGETED_DEVICE_FAMILY = "1,2";
			};
			name = Release;
		};
/* End XCBuildConfiguration section */

/* Begin XCConfigurationList section */
		8058D51C29799E65001D43AF /* Build configuration list for PBXProject "UberSwiftApp" */ = {
			isa = XCConfigurationList;
			buildConfigurations = (
				8058D52D29799E66001D43AF /* Debug */,
				8058D52E29799E66001D43AF /* Release */,
			);
			defaultConfigurationIsVisible = 0;
			defaultConfigurationName = Release;
		};
		8058D52F29799E66001D43AF /* Build configuration list for PBXNativeTarget "UberSwiftApp" */ = {
			isa = XCConfigurationList;
			buildConfigurations = (
				8058D53029799E66001D43AF /* Debug */,
				8058D53129799E66001D43AF /* Release */,
			);
			defaultConfigurationIsVisible = 0;
			defaultConfigurationName = Release;
		};
/* End XCConfigurationList section */
	};
	rootObject = 8058D51929799E65001D43AF /* Project object */;
}
